// !$*UTF8*$!
{
	archiveVersion = 1;
	classes = {
	};
	objectVersion = 50;
	objects = {

/* Begin PBXBuildFile section */
		8A348AFF25D1519300637AE7 /* AppDelegate.swift in Sources */ = {isa = PBXBuildFile; fileRef = 8A348AFE25D1519300637AE7 /* AppDelegate.swift */; };
		8A348B0125D1519300637AE7 /* SceneDelegate.swift in Sources */ = {isa = PBXBuildFile; fileRef = 8A348B0025D1519300637AE7 /* SceneDelegate.swift */; };
		8A348B0325D1519300637AE7 /* ViewController.swift in Sources */ = {isa = PBXBuildFile; fileRef = 8A348B0225D1519300637AE7 /* ViewController.swift */; };
		8A348B0625D1519300637AE7 /* Main.storyboard in Resources */ = {isa = PBXBuildFile; fileRef = 8A348B0425D1519300637AE7 /* Main.storyboard */; };
		8A348B0825D1519500637AE7 /* Assets.xcassets in Resources */ = {isa = PBXBuildFile; fileRef = 8A348B0725D1519500637AE7 /* Assets.xcassets */; };
		8A348B0B25D1519500637AE7 /* LaunchScreen.storyboard in Resources */ = {isa = PBXBuildFile; fileRef = 8A348B0925D1519500637AE7 /* LaunchScreen.storyboard */; };
		8A348B1725D1523F00637AE7 /* ryo.jpg in Resources */ = {isa = PBXBuildFile; fileRef = 8A348B1425D1523F00637AE7 /* ryo.jpg */; };
		8A348B1825D1523F00637AE7 /* nagata.jpg in Resources */ = {isa = PBXBuildFile; fileRef = 8A348B1525D1523F00637AE7 /* nagata.jpg */; };
		8A348B1925D1523F00637AE7 /* taithi.jpg in Resources */ = {isa = PBXBuildFile; fileRef = 8A348B1625D1523F00637AE7 /* taithi.jpg */; };
		8A348B1C25D179B200637AE7 /* Mentor.swift in Sources */ = {isa = PBXBuildFile; fileRef = 8A348B1B25D179B200637AE7 /* Mentor.swift */; };
/* End PBXBuildFile section */

/* Begin PBXFileReference section */
		8A348AFB25D1519300637AE7 /* MentorBook.app */ = {isa = PBXFileReference; explicitFileType = wrapper.application; includeInIndex = 0; path = MentorBook.app; sourceTree = BUILT_PRODUCTS_DIR; };
		8A348AFE25D1519300637AE7 /* AppDelegate.swift */ = {isa = PBXFileReference; lastKnownFileType = sourcecode.swift; path = AppDelegate.swift; sourceTree = "<group>"; };
		8A348B0025D1519300637AE7 /* SceneDelegate.swift */ = {isa = PBXFileReference; lastKnownFileType = sourcecode.swift; path = SceneDelegate.swift; sourceTree = "<group>"; };
		8A348B0225D1519300637AE7 /* ViewController.swift */ = {isa = PBXFileReference; lastKnownFileType = sourcecode.swift; path = ViewController.swift; sourceTree = "<group>"; };
		8A348B0525D1519300637AE7 /* Base */ = {isa = PBXFileReference; lastKnownFileType = file.storyboard; name = Base; path = Base.lproj/Main.storyboard; sourceTree = "<group>"; };
		8A348B0725D1519500637AE7 /* Assets.xcassets */ = {isa = PBXFileReference; lastKnownFileType = folder.assetcatalog; path = Assets.xcassets; sourceTree = "<group>"; };
		8A348B0A25D1519500637AE7 /* Base */ = {isa = PBXFileReference; lastKnownFileType = file.storyboard; name = Base; path = Base.lproj/LaunchScreen.storyboard; sourceTree = "<group>"; };
		8A348B0C25D1519500637AE7 /* Info.plist */ = {isa = PBXFileReference; lastKnownFileType = text.plist.xml; path = Info.plist; sourceTree = "<group>"; };
		8A348B1425D1523F00637AE7 /* ryo.jpg */ = {isa = PBXFileReference; lastKnownFileType = image.jpeg; path = ryo.jpg; sourceTree = "<group>"; };
		8A348B1525D1523F00637AE7 /* nagata.jpg */ = {isa = PBXFileReference; lastKnownFileType = image.jpeg; path = nagata.jpg; sourceTree = "<group>"; };
		8A348B1625D1523F00637AE7 /* taithi.jpg */ = {isa = PBXFileReference; lastKnownFileType = image.jpeg; path = taithi.jpg; sourceTree = "<group>"; };
		8A348B1B25D179B200637AE7 /* Mentor.swift */ = {isa = PBXFileReference; lastKnownFileType = sourcecode.swift; path = Mentor.swift; sourceTree = "<group>"; };
/* End PBXFileReference section */

/* Begin PBXFrameworksBuildPhase section */
		8A348AF825D1519300637AE7 /* Frameworks */ = {
			isa = PBXFrameworksBuildPhase;
			buildActionMask = 2147483647;
			files = (
			);
			runOnlyForDeploymentPostprocessing = 0;
		};
/* End PBXFrameworksBuildPhase section */

/* Begin PBXGroup section */
		8A348AF225D1519300637AE7 = {
			isa = PBXGroup;
			children = (
				8A348AFD25D1519300637AE7 /* MentorBook */,
				8A348AFC25D1519300637AE7 /* Products */,
			);
			sourceTree = "<group>";
		};
		8A348AFC25D1519300637AE7 /* Products */ = {
			isa = PBXGroup;
			children = (
				8A348AFB25D1519300637AE7 /* MentorBook.app */,
			);
			name = Products;
			sourceTree = "<group>";
		};
		8A348AFD25D1519300637AE7 /* MentorBook */ = {
			isa = PBXGroup;
			children = (
				8A348B1325D1523F00637AE7 /* images */,
				8A348AFE25D1519300637AE7 /* AppDelegate.swift */,
				8A348B0025D1519300637AE7 /* SceneDelegate.swift */,
				8A348B0225D1519300637AE7 /* ViewController.swift */,
				8A348B0425D1519300637AE7 /* Main.storyboard */,
				8A348B0725D1519500637AE7 /* Assets.xcassets */,
				8A348B0925D1519500637AE7 /* LaunchScreen.storyboard */,
				8A348B0C25D1519500637AE7 /* Info.plist */,
				8A348B1B25D179B200637AE7 /* Mentor.swift */,
			);
			path = MentorBook;
			sourceTree = "<group>";
		};
		8A348B1325D1523F00637AE7 /* images */ = {
			isa = PBXGroup;
			children = (
				8A348B1425D1523F00637AE7 /* ryo.jpg */,
				8A348B1525D1523F00637AE7 /* nagata.jpg */,
				8A348B1625D1523F00637AE7 /* taithi.jpg */,
			);
			path = images;
			sourceTree = "<group>";
		};
/* End PBXGroup section */

/* Begin PBXNativeTarget section */
		8A348AFA25D1519300637AE7 /* MentorBook */ = {
			isa = PBXNativeTarget;
			buildConfigurationList = 8A348B0F25D1519500637AE7 /* Build configuration list for PBXNativeTarget "MentorBook" */;
			buildPhases = (
				8A348AF725D1519300637AE7 /* Sources */,
				8A348AF825D1519300637AE7 /* Frameworks */,
				8A348AF925D1519300637AE7 /* Resources */,
			);
			buildRules = (
			);
			dependencies = (
			);
			name = MentorBook;
			productName = MentorBook;
			productReference = 8A348AFB25D1519300637AE7 /* MentorBook.app */;
			productType = "com.apple.product-type.application";
		};
/* End PBXNativeTarget section */

/* Begin PBXProject section */
		8A348AF325D1519300637AE7 /* Project object */ = {
			isa = PBXProject;
			attributes = {
				LastSwiftUpdateCheck = 1240;
				LastUpgradeCheck = 1240;
				TargetAttributes = {
					8A348AFA25D1519300637AE7 = {
						CreatedOnToolsVersion = 12.4;
					};
				};
			};
			buildConfigurationList = 8A348AF625D1519300637AE7 /* Build configuration list for PBXProject "MentorBook" */;
			compatibilityVersion = "Xcode 9.3";
			developmentRegion = en;
			hasScannedForEncodings = 0;
			knownRegions = (
				en,
				Base,
			);
			mainGroup = 8A348AF225D1519300637AE7;
			productRefGroup = 8A348AFC25D1519300637AE7 /* Products */;
			projectDirPath = "";
			projectRoot = "";
			targets = (
				8A348AFA25D1519300637AE7 /* MentorBook */,
			);
		};
/* End PBXProject section */

/* Begin PBXResourcesBuildPhase section */
		8A348AF925D1519300637AE7 /* Resources */ = {
			isa = PBXResourcesBuildPhase;
			buildActionMask = 2147483647;
			files = (
				8A348B1925D1523F00637AE7 /* taithi.jpg in Resources */,
				8A348B1725D1523F00637AE7 /* ryo.jpg in Resources */,
				8A348B1825D1523F00637AE7 /* nagata.jpg in Resources */,
				8A348B0B25D1519500637AE7 /* LaunchScreen.storyboard in Resources */,
				8A348B0825D1519500637AE7 /* Assets.xcassets in Resources */,
				8A348B0625D1519300637AE7 /* Main.storyboard in Resources */,
			);
			runOnlyForDeploymentPostprocessing = 0;
		};
/* End PBXResourcesBuildPhase section */

/* Begin PBXSourcesBuildPhase section */
		8A348AF725D1519300637AE7 /* Sources */ = {
			isa = PBXSourcesBuildPhase;
			buildActionMask = 2147483647;
			files = (
				8A348B1C25D179B200637AE7 /* Mentor.swift in Sources */,
				8A348B0325D1519300637AE7 /* ViewController.swift in Sources */,
				8A348AFF25D1519300637AE7 /* AppDelegate.swift in Sources */,
				8A348B0125D1519300637AE7 /* SceneDelegate.swift in Sources */,
			);
			runOnlyForDeploymentPostprocessing = 0;
		};
/* End PBXSourcesBuildPhase section */

/* Begin PBXVariantGroup section */
		8A348B0425D1519300637AE7 /* Main.storyboard */ = {
			isa = PBXVariantGroup;
			children = (
				8A348B0525D1519300637AE7 /* Base */,
			);
			name = Main.storyboard;
			sourceTree = "<group>";
		};
		8A348B0925D1519500637AE7 /* LaunchScreen.storyboard */ = {
			isa = PBXVariantGroup;
			children = (
				8A348B0A25D1519500637AE7 /* Base */,
			);
			name = LaunchScreen.storyboard;
			sourceTree = "<group>";
		};
/* End PBXVariantGroup section */

/* Begin XCBuildConfiguration section */
		8A348B0D25D1519500637AE7 /* Debug */ = {
			isa = XCBuildConfiguration;
			buildSettings = {
				ALWAYS_SEARCH_USER_PATHS = NO;
				CLANG_ANALYZER_NONNULL = YES;
				CLANG_ANALYZER_NUMBER_OBJECT_CONVERSION = YES_AGGRESSIVE;
				CLANG_CXX_LANGUAGE_STANDARD = "gnu++14";
				CLANG_CXX_LIBRARY = "libc++";
				CLANG_ENABLE_MODULES = YES;
				CLANG_ENABLE_OBJC_ARC = YES;
				CLANG_ENABLE_OBJC_WEAK = YES;
				CLANG_WARN_BLOCK_CAPTURE_AUTORELEASING = YES;
				CLANG_WARN_BOOL_CONVERSION = YES;
				CLANG_WARN_COMMA = YES;
				CLANG_WARN_CONSTANT_CONVERSION = YES;
				CLANG_WARN_DEPRECATED_OBJC_IMPLEMENTATIONS = YES;
				CLANG_WARN_DIRECT_OBJC_ISA_USAGE = YES_ERROR;
				CLANG_WARN_DOCUMENTATION_COMMENTS = YES;
				CLANG_WARN_EMPTY_BODY = YES;
				CLANG_WARN_ENUM_CONVERSION = YES;
				CLANG_WARN_INFINITE_RECURSION = YES;
				CLANG_WARN_INT_CONVERSION = YES;
				CLANG_WARN_NON_LITERAL_NULL_CONVERSION = YES;
				CLANG_WARN_OBJC_IMPLICIT_RETAIN_SELF = YES;
				CLANG_WARN_OBJC_LITERAL_CONVERSION = YES;
				CLANG_WARN_OBJC_ROOT_CLASS = YES_ERROR;
				CLANG_WARN_QUOTED_INCLUDE_IN_FRAMEWORK_HEADER = YES;
				CLANG_WARN_RANGE_LOOP_ANALYSIS = YES;
				CLANG_WARN_STRICT_PROTOTYPES = YES;
				CLANG_WARN_SUSPICIOUS_MOVE = YES;
				CLANG_WARN_UNGUARDED_AVAILABILITY = YES_AGGRESSIVE;
				CLANG_WARN_UNREACHABLE_CODE = YES;
				CLANG_WARN__DUPLICATE_METHOD_MATCH = YES;
				COPY_PHASE_STRIP = NO;
				DEBUG_INFORMATION_FORMAT = dwarf;
				ENABLE_STRICT_OBJC_MSGSEND = YES;
				ENABLE_TESTABILITY = YES;
				GCC_C_LANGUAGE_STANDARD = gnu11;
				GCC_DYNAMIC_NO_PIC = NO;
				GCC_NO_COMMON_BLOCKS = YES;
				GCC_OPTIMIZATION_LEVEL = 0;
				GCC_PREPROCESSOR_DEFINITIONS = (
					"DEBUG=1",
					"$(inherited)",
				);
				GCC_WARN_64_TO_32_BIT_CONVERSION = YES;
				GCC_WARN_ABOUT_RETURN_TYPE = YES_ERROR;
				GCC_WARN_UNDECLARED_SELECTOR = YES;
				GCC_WARN_UNINITIALIZED_AUTOS = YES_AGGRESSIVE;
				GCC_WARN_UNUSED_FUNCTION = YES;
				GCC_WARN_UNUSED_VARIABLE = YES;
				IPHONEOS_DEPLOYMENT_TARGET = 14.4;
				MTL_ENABLE_DEBUG_INFO = INCLUDE_SOURCE;
				MTL_FAST_MATH = YES;
				ONLY_ACTIVE_ARCH = YES;
				SDKROOT = iphoneos;
				SWIFT_ACTIVE_COMPILATION_CONDITIONS = DEBUG;
				SWIFT_OPTIMIZATION_LEVEL = "-Onone";
			};
			name = Debug;
		};
		8A348B0E25D1519500637AE7 /* Release */ = {
			isa = XCBuildConfiguration;
			buildSettings = {
				ALWAYS_SEARCH_USER_PATHS = NO;
				CLANG_ANALYZER_NONNULL = YES;
				CLANG_ANALYZER_NUMBER_OBJECT_CONVERSION = YES_AGGRESSIVE;
				CLANG_CXX_LANGUAGE_STANDARD = "gnu++14";
				CLANG_CXX_LIBRARY = "libc++";
				CLANG_ENABLE_MODULES = YES;
				CLANG_ENABLE_OBJC_ARC = YES;
				CLANG_ENABLE_OBJC_WEAK = YES;
				CLANG_WARN_BLOCK_CAPTURE_AUTORELEASING = YES;
				CLANG_WARN_BOOL_CONVERSION = YES;
				CLANG_WARN_COMMA = YES;
				CLANG_WARN_CONSTANT_CONVERSION = YES;
				CLANG_WARN_DEPRECATED_OBJC_IMPLEMENTATIONS = YES;
				CLANG_WARN_DIRECT_OBJC_ISA_USAGE = YES_ERROR;
				CLANG_WARN_DOCUMENTATION_COMMENTS = YES;
				CLANG_WARN_EMPTY_BODY = YES;
				CLANG_WARN_ENUM_CONVERSION = YES;
				CLANG_WARN_INFINITE_RECURSION = YES;
				CLANG_WARN_INT_CONVERSION = YES;
				CLANG_WARN_NON_LITERAL_NULL_CONVERSION = YES;
				CLANG_WARN_OBJC_IMPLICIT_RETAIN_SELF = YES;
				CLANG_WARN_OBJC_LITERAL_CONVERSION = YES;
				CLANG_WARN_OBJC_ROOT_CLASS = YES_ERROR;
				CLANG_WARN_QUOTED_INCLUDE_IN_FRAMEWORK_HEADER = YES;
				CLANG_WARN_RANGE_LOOP_ANALYSIS = YES;
				CLANG_WARN_STRICT_PROTOTYPES = YES;
				CLANG_WARN_SUSPICIOUS_MOVE = YES;
				CLANG_WARN_UNGUARDED_AVAILABILITY = YES_AGGRESSIVE;
				CLANG_WARN_UNREACHABLE_CODE = YES;
				CLANG_WARN__DUPLICATE_METHOD_MATCH = YES;
				COPY_PHASE_STRIP = NO;
				DEBUG_INFORMATION_FORMAT = "dwarf-with-dsym";
				ENABLE_NS_ASSERTIONS = NO;
				ENABLE_STRICT_OBJC_MSGSEND = YES;
				GCC_C_LANGUAGE_STANDARD = gnu11;
				GCC_NO_COMMON_BLOCKS = YES;
				GCC_WARN_64_TO_32_BIT_CONVERSION = YES;
				GCC_WARN_ABOUT_RETURN_TYPE = YES_ERROR;
				GCC_WARN_UNDECLARED_SELECTOR = YES;
				GCC_WARN_UNINITIALIZED_AUTOS = YES_AGGRESSIVE;
				GCC_WARN_UNUSED_FUNCTION = YES;
				GCC_WARN_UNUSED_VARIABLE = YES;
				IPHONEOS_DEPLOYMENT_TARGET = 14.4;
				MTL_ENABLE_DEBUG_INFO = NO;
				MTL_FAST_MATH = YES;
				SDKROOT = iphoneos;
				SWIFT_COMPILATION_MODE = wholemodule;
				SWIFT_OPTIMIZATION_LEVEL = "-O";
				VALIDATE_PRODUCT = YES;
			};
			name = Release;
		};
		8A348B1025D1519500637AE7 /* Debug */ = {
			isa = XCBuildConfiguration;
			buildSettings = {
				ASSETCATALOG_COMPILER_APPICON_NAME = AppIcon;
				ASSETCATALOG_COMPILER_GLOBAL_ACCENT_COLOR_NAME = AccentColor;
				CODE_SIGN_STYLE = Automatic;
				INFOPLIST_FILE = MentorBook/Info.plist;
				LD_RUNPATH_SEARCH_PATHS = (
					"$(inherited)",
					"@executable_path/Frameworks",
				);
				PRODUCT_BUNDLE_IDENTIFIER = app.aoyagi.makkan.MentorBook;
				PRODUCT_NAME = "$(TARGET_NAME)";
				SWIFT_VERSION = 5.0;
				TARGETED_DEVICE_FAMILY = "1,2";
			};
			name = Debug;
		};
		8A348B1125D1519500637AE7 /* Release */ = {
			isa = XCBuildConfiguration;
			buildSettings = {
				ASSETCATALOG_COMPILER_APPICON_NAME = AppIcon;
				ASSETCATALOG_COMPILER_GLOBAL_ACCENT_COLOR_NAME = AccentColor;
				CODE_SIGN_STYLE = Automatic;
				INFOPLIST_FILE = MentorBook/Info.plist;
				LD_RUNPATH_SEARCH_PATHS = (
					"$(inherited)",
					"@executable_path/Frameworks",
				);
				PRODUCT_BUNDLE_IDENTIFIER = app.aoyagi.makkan.MentorBook;
				PRODUCT_NAME = "$(TARGET_NAME)";
				SWIFT_VERSION = 5.0;
				TARGETED_DEVICE_FAMILY = "1,2";
			};
			name = Release;
		};
/* End XCBuildConfiguration section */

/* Begin XCConfigurationList section */
		8A348AF625D1519300637AE7 /* Build configuration list for PBXProject "MentorBook" */ = {
			isa = XCConfigurationList;
			buildConfigurations = (
				8A348B0D25D1519500637AE7 /* Debug */,
				8A348B0E25D1519500637AE7 /* Release */,
			);
			defaultConfigurationIsVisible = 0;
			defaultConfigurationName = Release;
		};
		8A348B0F25D1519500637AE7 /* Build configuration list for PBXNativeTarget "MentorBook" */ = {
			isa = XCConfigurationList;
			buildConfigurations = (
				8A348B1025D1519500637AE7 /* Debug */,
				8A348B1125D1519500637AE7 /* Release */,
			);
			defaultConfigurationIsVisible = 0;
			defaultConfigurationName = Release;
		};
/* End XCConfigurationList section */
	};
	rootObject = 8A348AF325D1519300637AE7 /* Project object */;
}
